
Microsoft Visual Studio Solution File, Format Version 12.00
# Visual Studio Version 16
VisualStudioVersion = 16.0.31129.286
MinimumVisualStudioVersion = 10.0.40219.1
Project("{FAE04EC0-301F-11D3-BF4B-00C04F79EFBC}") = "MNB", "MNB\MNB.csproj", "{A44C87AA-8AB5-4954-A3F4-D55809AB18EB}"
EndProject
Global
	GlobalSection(SolutionConfigurationPlatforms) = preSolution
		Debug|Any CPU = Debug|Any CPU
		Release|Any CPU = Release|Any CPU
	EndGlobalSection
	GlobalSection(ProjectConfigurationPlatforms) = postSolution
		{A44C87AA-8AB5-4954-A3F4-D55809AB18EB}.Debug|Any CPU.ActiveCfg = Debug|Any CPU
		{A44C87AA-8AB5-4954-A3F4-D55809AB18EB}.Debug|Any CPU.Build.0 = Debug|Any CPU
		{A44C87AA-8AB5-4954-A3F4-D55809AB18EB}.Release|Any CPU.ActiveCfg = Release|Any CPU
		{A44C87AA-8AB5-4954-A3F4-D55809AB18EB}.Release|Any CPU.Build.0 = Release|Any CPU
	EndGlobalSection
	GlobalSection(SolutionProperties) = preSolution
		HideSolutionNode = FALSE
	EndGlobalSection
	GlobalSection(ExtensibilityGlobals) = postSolution
		SolutionGuid = {049691F9-FAC1-4745-90D6-7F8539B6661A}
	EndGlobalSection
EndGlobal
