
Microsoft Visual Studio Solution File, Format Version 12.00
# Visual Studio Version 16
VisualStudioVersion = 16.0.31129.286
MinimumVisualStudioVersion = 10.0.40219.1
Project("{FAE04EC0-301F-11D3-BF4B-00C04F79EFBC}") = "Karacsony", "Karacsony\Karacsony.csproj", "{9F1AD260-CDE2-4820-89F3-33E83C47DB24}"
EndProject
Global
	GlobalSection(SolutionConfigurationPlatforms) = preSolution
		Debug|Any CPU = Debug|Any CPU
		Release|Any CPU = Release|Any CPU
	EndGlobalSection
	GlobalSection(ProjectConfigurationPlatforms) = postSolution
		{9F1AD260-CDE2-4820-89F3-33E83C47DB24}.Debug|Any CPU.ActiveCfg = Debug|Any CPU
		{9F1AD260-CDE2-4820-89F3-33E83C47DB24}.Debug|Any CPU.Build.0 = Debug|Any CPU
		{9F1AD260-CDE2-4820-89F3-33E83C47DB24}.Release|Any CPU.ActiveCfg = Release|Any CPU
		{9F1AD260-CDE2-4820-89F3-33E83C47DB24}.Release|Any CPU.Build.0 = Release|Any CPU
	EndGlobalSection
	GlobalSection(SolutionProperties) = preSolution
		HideSolutionNode = FALSE
	EndGlobalSection
	GlobalSection(ExtensibilityGlobals) = postSolution
		SolutionGuid = {4F5CB252-772D-4F84-B8F4-DF1E441C9478}
	EndGlobalSection
EndGlobal
